
Microsoft Visual Studio Solution File, Format Version 12.00
# Visual Studio Version 17
VisualStudioVersion = 17.2.32519.379
MinimumVisualStudioVersion = 10.0.40219.1
Project("{FAE04EC0-301F-11D3-BF4B-00C04F79EFBC}") = "ClienteWS", "ClienteWS.csproj", "{474151A9-79A6-4034-94B1-341E441762DF}"
EndProject
Global
	GlobalSection(SolutionConfigurationPlatforms) = preSolution
		Debug|Any CPU = Debug|Any CPU
		Release|Any CPU = Release|Any CPU
	EndGlobalSection
	GlobalSection(ProjectConfigurationPlatforms) = postSolution
		{474151A9-79A6-4034-94B1-341E441762DF}.Debug|Any CPU.ActiveCfg = Debug|Any CPU
		{474151A9-79A6-4034-94B1-341E441762DF}.Debug|Any CPU.Build.0 = Debug|Any CPU
		{474151A9-79A6-4034-94B1-341E441762DF}.Release|Any CPU.ActiveCfg = Release|Any CPU
		{474151A9-79A6-4034-94B1-341E441762DF}.Release|Any CPU.Build.0 = Release|Any CPU
	EndGlobalSection
	GlobalSection(SolutionProperties) = preSolution
		HideSolutionNode = FALSE
	EndGlobalSection
	GlobalSection(ExtensibilityGlobals) = postSolution
		SolutionGuid = {AA028B2A-F103-4AB4-9A85-2BFF69FDA8FB}
	EndGlobalSection
EndGlobal
